
Microsoft Visual Studio Solution File, Format Version 12.00
# Visual Studio 15
VisualStudioVersion = 15.0.28010.2003
MinimumVisualStudioVersion = 10.0.40219.1
Project("{FAE04EC0-301F-11D3-BF4B-00C04F79EFBC}") = "WebService", "WebService\WebService.csproj", "{44251FCA-F355-4DC1-AC42-0E314400BF07}"
EndProject
Project("{FAE04EC0-301F-11D3-BF4B-00C04F79EFBC}") = "WebFormsApplication", "WebFormsApplication\WebFormsApplication.csproj", "{43656404-3EAB-420D-B9FF-4307B65D8582}"
EndProject
Project("{FAE04EC0-301F-11D3-BF4B-00C04F79EFBC}") = "WebModel", "WebModel\WebModel.csproj", "{D4D9303C-9B10-4CC4-A4ED-4413EDC9D22C}"
EndProject
Global
	GlobalSection(SolutionConfigurationPlatforms) = preSolution
		Debug|Any CPU = Debug|Any CPU
		Release|Any CPU = Release|Any CPU
	EndGlobalSection
	GlobalSection(ProjectConfigurationPlatforms) = postSolution
		{44251FCA-F355-4DC1-AC42-0E314400BF07}.Debug|Any CPU.ActiveCfg = Debug|Any CPU
		{44251FCA-F355-4DC1-AC42-0E314400BF07}.Debug|Any CPU.Build.0 = Debug|Any CPU
		{44251FCA-F355-4DC1-AC42-0E314400BF07}.Release|Any CPU.ActiveCfg = Release|Any CPU
		{44251FCA-F355-4DC1-AC42-0E314400BF07}.Release|Any CPU.Build.0 = Release|Any CPU
		{43656404-3EAB-420D-B9FF-4307B65D8582}.Debug|Any CPU.ActiveCfg = Debug|Any CPU
		{43656404-3EAB-420D-B9FF-4307B65D8582}.Debug|Any CPU.Build.0 = Debug|Any CPU
		{43656404-3EAB-420D-B9FF-4307B65D8582}.Release|Any CPU.ActiveCfg = Release|Any CPU
		{43656404-3EAB-420D-B9FF-4307B65D8582}.Release|Any CPU.Build.0 = Release|Any CPU
		{D4D9303C-9B10-4CC4-A4ED-4413EDC9D22C}.Debug|Any CPU.ActiveCfg = Debug|Any CPU
		{D4D9303C-9B10-4CC4-A4ED-4413EDC9D22C}.Debug|Any CPU.Build.0 = Debug|Any CPU
		{D4D9303C-9B10-4CC4-A4ED-4413EDC9D22C}.Release|Any CPU.ActiveCfg = Release|Any CPU
		{D4D9303C-9B10-4CC4-A4ED-4413EDC9D22C}.Release|Any CPU.Build.0 = Release|Any CPU
	EndGlobalSection
	GlobalSection(SolutionProperties) = preSolution
		HideSolutionNode = FALSE
	EndGlobalSection
	GlobalSection(ExtensibilityGlobals) = postSolution
		SolutionGuid = {E76839A7-5229-4BDA-AFE0-A977BBFC24C0}
	EndGlobalSection
EndGlobal
